// !$*UTF8*$!
{
	archiveVersion = 1;
	classes = {
	};
	objectVersion = 56;
	objects = {

/* Begin PBXBuildFile section */
		746F3BB62C7250F1009B5964 /* HeaderView.swift in Sources */ = {isa = PBXBuildFile; fileRef = 746F3BB52C7250F1009B5964 /* HeaderView.swift */; };
		749B159D2C7101EC005E87FE /* GoogleService-Info.plist in Resources */ = {isa = PBXBuildFile; fileRef = 749B159C2C7101EC005E87FE /* GoogleService-Info.plist */; };
		749B15A32C710539005E87FE /* ProfileView.swift in Sources */ = {isa = PBXBuildFile; fileRef = 749B15A22C710539005E87FE /* ProfileView.swift */; };
		749B15A52C710548005E87FE /* ToDoLIstView.swift in Sources */ = {isa = PBXBuildFile; fileRef = 749B15A42C710548005E87FE /* ToDoLIstView.swift */; };
		749B15A72C710553005E87FE /* NewItemView.swift in Sources */ = {isa = PBXBuildFile; fileRef = 749B15A62C710553005E87FE /* NewItemView.swift */; };
		749B15A92C710565005E87FE /* LoginView.swift in Sources */ = {isa = PBXBuildFile; fileRef = 749B15A82C710565005E87FE /* LoginView.swift */; };
		749B15AB2C710577005E87FE /* RegisterView.swift in Sources */ = {isa = PBXBuildFile; fileRef = 749B15AA2C710577005E87FE /* RegisterView.swift */; };
		749B15AD2C710586005E87FE /* ToDoListItemView.swift in Sources */ = {isa = PBXBuildFile; fileRef = 749B15AC2C710586005E87FE /* ToDoListItemView.swift */; };
		749B15AF2C710630005E87FE /* User.swift in Sources */ = {isa = PBXBuildFile; fileRef = 749B15AE2C710630005E87FE /* User.swift */; };
		749B15B12C71063D005E87FE /* ToDoListItem.swift in Sources */ = {isa = PBXBuildFile; fileRef = 749B15B02C71063D005E87FE /* ToDoListItem.swift */; };
		749B15B32C710653005E87FE /* MainViewViewModel.swift in Sources */ = {isa = PBXBuildFile; fileRef = 749B15B22C710653005E87FE /* MainViewViewModel.swift */; };
		749B15B52C71065D005E87FE /* ProfileViewViewModel.swift in Sources */ = {isa = PBXBuildFile; fileRef = 749B15B42C71065D005E87FE /* ProfileViewViewModel.swift */; };
		749B15B72C710673005E87FE /* ToDoListViewViewModel.swift in Sources */ = {isa = PBXBuildFile; fileRef = 749B15B62C710673005E87FE /* ToDoListViewViewModel.swift */; };
		749B15B92C710682005E87FE /* NewItemViewViewModel.swift in Sources */ = {isa = PBXBuildFile; fileRef = 749B15B82C710682005E87FE /* NewItemViewViewModel.swift */; };
		749B15BB2C71068E005E87FE /* LoginViewViewModel.swift in Sources */ = {isa = PBXBuildFile; fileRef = 749B15BA2C71068E005E87FE /* LoginViewViewModel.swift */; };
		749B15BD2C71069E005E87FE /* RegisterViewViewModel.swift in Sources */ = {isa = PBXBuildFile; fileRef = 749B15BC2C71069E005E87FE /* RegisterViewViewModel.swift */; };
		749B15BF2C7106F1005E87FE /* ToDoListItemViewViewModel.swift in Sources */ = {isa = PBXBuildFile; fileRef = 749B15BE2C7106F1005E87FE /* ToDoListItemViewViewModel.swift */; };
		74D1E5A52C70AED300063793 /* ToDoListAppApp.swift in Sources */ = {isa = PBXBuildFile; fileRef = 74D1E5A42C70AED300063793 /* ToDoListAppApp.swift */; };
		74D1E5A72C70AED300063793 /* MainView.swift in Sources */ = {isa = PBXBuildFile; fileRef = 74D1E5A62C70AED300063793 /* MainView.swift */; };
		74D1E5A92C70AED500063793 /* Assets.xcassets in Resources */ = {isa = PBXBuildFile; fileRef = 74D1E5A82C70AED500063793 /* Assets.xcassets */; };
		74D1E5AC2C70AED500063793 /* Preview Assets.xcassets in Resources */ = {isa = PBXBuildFile; fileRef = 74D1E5AB2C70AED500063793 /* Preview Assets.xcassets */; };
		74D1E5B42C70B22B00063793 /* FirebaseAuth in Frameworks */ = {isa = PBXBuildFile; productRef = 74D1E5B32C70B22B00063793 /* FirebaseAuth */; };
		74D1E5B62C70B22B00063793 /* FirebaseFirestore in Frameworks */ = {isa = PBXBuildFile; productRef = 74D1E5B52C70B22B00063793 /* FirebaseFirestore */; };
/* End PBXBuildFile section */

/* Begin PBXFileReference section */
		746F3BB52C7250F1009B5964 /* HeaderView.swift */ = {isa = PBXFileReference; lastKnownFileType = sourcecode.swift; path = HeaderView.swift; sourceTree = "<group>"; };
		749B159C2C7101EC005E87FE /* GoogleService-Info.plist */ = {isa = PBXFileReference; fileEncoding = 4; lastKnownFileType = text.plist.xml; path = "GoogleService-Info.plist"; sourceTree = "<group>"; };
		749B15A22C710539005E87FE /* ProfileView.swift */ = {isa = PBXFileReference; lastKnownFileType = sourcecode.swift; path = ProfileView.swift; sourceTree = "<group>"; };
		749B15A42C710548005E87FE /* ToDoLIstView.swift */ = {isa = PBXFileReference; lastKnownFileType = sourcecode.swift; path = ToDoLIstView.swift; sourceTree = "<group>"; };
		749B15A62C710553005E87FE /* NewItemView.swift */ = {isa = PBXFileReference; lastKnownFileType = sourcecode.swift; path = NewItemView.swift; sourceTree = "<group>"; };
		749B15A82C710565005E87FE /* LoginView.swift */ = {isa = PBXFileReference; lastKnownFileType = sourcecode.swift; path = LoginView.swift; sourceTree = "<group>"; };
		749B15AA2C710577005E87FE /* RegisterView.swift */ = {isa = PBXFileReference; lastKnownFileType = sourcecode.swift; path = RegisterView.swift; sourceTree = "<group>"; };
		749B15AC2C710586005E87FE /* ToDoListItemView.swift */ = {isa = PBXFileReference; lastKnownFileType = sourcecode.swift; path = ToDoListItemView.swift; sourceTree = "<group>"; };
		749B15AE2C710630005E87FE /* User.swift */ = {isa = PBXFileReference; lastKnownFileType = sourcecode.swift; path = User.swift; sourceTree = "<group>"; };
		749B15B02C71063D005E87FE /* ToDoListItem.swift */ = {isa = PBXFileReference; lastKnownFileType = sourcecode.swift; path = ToDoListItem.swift; sourceTree = "<group>"; };
		749B15B22C710653005E87FE /* MainViewViewModel.swift */ = {isa = PBXFileReference; lastKnownFileType = sourcecode.swift; path = MainViewViewModel.swift; sourceTree = "<group>"; };
		749B15B42C71065D005E87FE /* ProfileViewViewModel.swift */ = {isa = PBXFileReference; lastKnownFileType = sourcecode.swift; path = ProfileViewViewModel.swift; sourceTree = "<group>"; };
		749B15B62C710673005E87FE /* ToDoListViewViewModel.swift */ = {isa = PBXFileReference; lastKnownFileType = sourcecode.swift; path = ToDoListViewViewModel.swift; sourceTree = "<group>"; };
		749B15B82C710682005E87FE /* NewItemViewViewModel.swift */ = {isa = PBXFileReference; lastKnownFileType = sourcecode.swift; path = NewItemViewViewModel.swift; sourceTree = "<group>"; };
		749B15BA2C71068E005E87FE /* LoginViewViewModel.swift */ = {isa = PBXFileReference; lastKnownFileType = sourcecode.swift; path = LoginViewViewModel.swift; sourceTree = "<group>"; };
		749B15BC2C71069E005E87FE /* RegisterViewViewModel.swift */ = {isa = PBXFileReference; lastKnownFileType = sourcecode.swift; path = RegisterViewViewModel.swift; sourceTree = "<group>"; };
		749B15BE2C7106F1005E87FE /* ToDoListItemViewViewModel.swift */ = {isa = PBXFileReference; lastKnownFileType = sourcecode.swift; path = ToDoListItemViewViewModel.swift; sourceTree = "<group>"; };
		74D1E5A12C70AED300063793 /* ToDoListApp.app */ = {isa = PBXFileReference; explicitFileType = wrapper.application; includeInIndex = 0; path = ToDoListApp.app; sourceTree = BUILT_PRODUCTS_DIR; };
		74D1E5A42C70AED300063793 /* ToDoListAppApp.swift */ = {isa = PBXFileReference; lastKnownFileType = sourcecode.swift; path = ToDoListAppApp.swift; sourceTree = "<group>"; };
		74D1E5A62C70AED300063793 /* MainView.swift */ = {isa = PBXFileReference; lastKnownFileType = sourcecode.swift; path = MainView.swift; sourceTree = "<group>"; };
		74D1E5A82C70AED500063793 /* Assets.xcassets */ = {isa = PBXFileReference; lastKnownFileType = folder.assetcatalog; path = Assets.xcassets; sourceTree = "<group>"; };
		74D1E5AB2C70AED500063793 /* Preview Assets.xcassets */ = {isa = PBXFileReference; lastKnownFileType = folder.assetcatalog; path = "Preview Assets.xcassets"; sourceTree = "<group>"; };
/* End PBXFileReference section */

/* Begin PBXFrameworksBuildPhase section */
		74D1E59E2C70AED300063793 /* Frameworks */ = {
			isa = PBXFrameworksBuildPhase;
			buildActionMask = 2147483647;
			files = (
				74D1E5B42C70B22B00063793 /* FirebaseAuth in Frameworks */,
				74D1E5B62C70B22B00063793 /* FirebaseFirestore in Frameworks */,
			);
			runOnlyForDeploymentPostprocessing = 0;
		};
/* End PBXFrameworksBuildPhase section */

/* Begin PBXGroup section */
		749B159E2C7103C6005E87FE /* Views */ = {
			isa = PBXGroup;
			children = (
				74D1E5A62C70AED300063793 /* MainView.swift */,
				749B15A22C710539005E87FE /* ProfileView.swift */,
				749B15A42C710548005E87FE /* ToDoLIstView.swift */,
				749B15A62C710553005E87FE /* NewItemView.swift */,
				749B15A82C710565005E87FE /* LoginView.swift */,
				749B15AA2C710577005E87FE /* RegisterView.swift */,
				749B15AC2C710586005E87FE /* ToDoListItemView.swift */,
				746F3BB52C7250F1009B5964 /* HeaderView.swift */,
			);
			path = Views;
			sourceTree = "<group>";
		};
		749B159F2C7103D4005E87FE /* ViewModels */ = {
			isa = PBXGroup;
			children = (
				749B15B22C710653005E87FE /* MainViewViewModel.swift */,
				749B15B42C71065D005E87FE /* ProfileViewViewModel.swift */,
				749B15B62C710673005E87FE /* ToDoListViewViewModel.swift */,
				749B15B82C710682005E87FE /* NewItemViewViewModel.swift */,
				749B15BA2C71068E005E87FE /* LoginViewViewModel.swift */,
				749B15BC2C71069E005E87FE /* RegisterViewViewModel.swift */,
				749B15BE2C7106F1005E87FE /* ToDoListItemViewViewModel.swift */,
			);
			path = ViewModels;
			sourceTree = "<group>";
		};
		749B15A02C7103DE005E87FE /* Models */ = {
			isa = PBXGroup;
			children = (
				749B15AE2C710630005E87FE /* User.swift */,
				749B15B02C71063D005E87FE /* ToDoListItem.swift */,
			);
			path = Models;
			sourceTree = "<group>";
		};
		749B15A12C7103E6005E87FE /* Other */ = {
			isa = PBXGroup;
			children = (
				74D1E5A42C70AED300063793 /* ToDoListAppApp.swift */,
				74D1E5A82C70AED500063793 /* Assets.xcassets */,
				749B159C2C7101EC005E87FE /* GoogleService-Info.plist */,
			);
			path = Other;
			sourceTree = "<group>";
		};
		74D1E5982C70AED300063793 = {
			isa = PBXGroup;
			children = (
				74D1E5A32C70AED300063793 /* ToDoListApp */,
				74D1E5A22C70AED300063793 /* Products */,
			);
			sourceTree = "<group>";
		};
		74D1E5A22C70AED300063793 /* Products */ = {
			isa = PBXGroup;
			children = (
				74D1E5A12C70AED300063793 /* ToDoListApp.app */,
			);
			name = Products;
			sourceTree = "<group>";
		};
		74D1E5A32C70AED300063793 /* ToDoListApp */ = {
			isa = PBXGroup;
			children = (
				749B15A12C7103E6005E87FE /* Other */,
				749B15A02C7103DE005E87FE /* Models */,
				749B159F2C7103D4005E87FE /* ViewModels */,
				749B159E2C7103C6005E87FE /* Views */,
				74D1E5AA2C70AED500063793 /* Preview Content */,
			);
			path = ToDoListApp;
			sourceTree = "<group>";
		};
		74D1E5AA2C70AED500063793 /* Preview Content */ = {
			isa = PBXGroup;
			children = (
				74D1E5AB2C70AED500063793 /* Preview Assets.xcassets */,
			);
			path = "Preview Content";
			sourceTree = "<group>";
		};
/* End PBXGroup section */

/* Begin PBXNativeTarget section */
		74D1E5A02C70AED300063793 /* ToDoListApp */ = {
			isa = PBXNativeTarget;
			buildConfigurationList = 74D1E5AF2C70AED500063793 /* Build configuration list for PBXNativeTarget "ToDoListApp" */;
			buildPhases = (
				74D1E59D2C70AED300063793 /* Sources */,
				74D1E59E2C70AED300063793 /* Frameworks */,
				74D1E59F2C70AED300063793 /* Resources */,
			);
			buildRules = (
			);
			dependencies = (
			);
			name = ToDoListApp;
			packageProductDependencies = (
				74D1E5B32C70B22B00063793 /* FirebaseAuth */,
				74D1E5B52C70B22B00063793 /* FirebaseFirestore */,
			);
			productName = ToDoListApp;
			productReference = 74D1E5A12C70AED300063793 /* ToDoListApp.app */;
			productType = "com.apple.product-type.application";
		};
/* End PBXNativeTarget section */

/* Begin PBXProject section */
		74D1E5992C70AED300063793 /* Project object */ = {
			isa = PBXProject;
			attributes = {
				BuildIndependentTargetsInParallel = 1;
				LastSwiftUpdateCheck = 1540;
				LastUpgradeCheck = 1540;
				TargetAttributes = {
					74D1E5A02C70AED300063793 = {
						CreatedOnToolsVersion = 15.4;
					};
				};
			};
			buildConfigurationList = 74D1E59C2C70AED300063793 /* Build configuration list for PBXProject "ToDoListApp" */;
			compatibilityVersion = "Xcode 14.0";
			developmentRegion = en;
			hasScannedForEncodings = 0;
			knownRegions = (
				en,
				Base,
			);
			mainGroup = 74D1E5982C70AED300063793;
			packageReferences = (
				74D1E5B22C70B22B00063793 /* XCRemoteSwiftPackageReference "firebase-ios-sdk" */,
			);
			productRefGroup = 74D1E5A22C70AED300063793 /* Products */;
			projectDirPath = "";
			projectRoot = "";
			targets = (
				74D1E5A02C70AED300063793 /* ToDoListApp */,
			);
		};
/* End PBXProject section */

/* Begin PBXResourcesBuildPhase section */
		74D1E59F2C70AED300063793 /* Resources */ = {
			isa = PBXResourcesBuildPhase;
			buildActionMask = 2147483647;
			files = (
				74D1E5AC2C70AED500063793 /* Preview Assets.xcassets in Resources */,
				74D1E5A92C70AED500063793 /* Assets.xcassets in Resources */,
				749B159D2C7101EC005E87FE /* GoogleService-Info.plist in Resources */,
			);
			runOnlyForDeploymentPostprocessing = 0;
		};
/* End PBXResourcesBuildPhase section */

/* Begin PBXSourcesBuildPhase section */
		74D1E59D2C70AED300063793 /* Sources */ = {
			isa = PBXSourcesBuildPhase;
			buildActionMask = 2147483647;
			files = (
				749B15A92C710565005E87FE /* LoginView.swift in Sources */,
				746F3BB62C7250F1009B5964 /* HeaderView.swift in Sources */,
				74D1E5A72C70AED300063793 /* MainView.swift in Sources */,
				749B15BD2C71069E005E87FE /* RegisterViewViewModel.swift in Sources */,
				749B15B32C710653005E87FE /* MainViewViewModel.swift in Sources */,
				749B15A32C710539005E87FE /* ProfileView.swift in Sources */,
				749B15AB2C710577005E87FE /* RegisterView.swift in Sources */,
				749B15B52C71065D005E87FE /* ProfileViewViewModel.swift in Sources */,
				749B15A52C710548005E87FE /* ToDoLIstView.swift in Sources */,
				749B15AF2C710630005E87FE /* User.swift in Sources */,
				749B15AD2C710586005E87FE /* ToDoListItemView.swift in Sources */,
				749B15B72C710673005E87FE /* ToDoListViewViewModel.swift in Sources */,
				749B15BB2C71068E005E87FE /* LoginViewViewModel.swift in Sources */,
				74D1E5A52C70AED300063793 /* ToDoListAppApp.swift in Sources */,
				749B15B12C71063D005E87FE /* ToDoListItem.swift in Sources */,
				749B15A72C710553005E87FE /* NewItemView.swift in Sources */,
				749B15B92C710682005E87FE /* NewItemViewViewModel.swift in Sources */,
				749B15BF2C7106F1005E87FE /* ToDoListItemViewViewModel.swift in Sources */,
			);
			runOnlyForDeploymentPostprocessing = 0;
		};
/* End PBXSourcesBuildPhase section */

/* Begin XCBuildConfiguration section */
		74D1E5AD2C70AED500063793 /* Debug */ = {
			isa = XCBuildConfiguration;
			buildSettings = {
				ALWAYS_SEARCH_USER_PATHS = NO;
				ASSETCATALOG_COMPILER_GENERATE_SWIFT_ASSET_SYMBOL_EXTENSIONS = YES;
				CLANG_ANALYZER_NONNULL = YES;
				CLANG_ANALYZER_NUMBER_OBJECT_CONVERSION = YES_AGGRESSIVE;
				CLANG_CXX_LANGUAGE_STANDARD = "gnu++20";
				CLANG_ENABLE_MODULES = YES;
				CLANG_ENABLE_OBJC_ARC = YES;
				CLANG_ENABLE_OBJC_WEAK = YES;
				CLANG_WARN_BLOCK_CAPTURE_AUTORELEASING = YES;
				CLANG_WARN_BOOL_CONVERSION = YES;
				CLANG_WARN_COMMA = YES;
				CLANG_WARN_CONSTANT_CONVERSION = YES;
				CLANG_WARN_DEPRECATED_OBJC_IMPLEMENTATIONS = YES;
				CLANG_WARN_DIRECT_OBJC_ISA_USAGE = YES_ERROR;
				CLANG_WARN_DOCUMENTATION_COMMENTS = YES;
				CLANG_WARN_EMPTY_BODY = YES;
				CLANG_WARN_ENUM_CONVERSION = YES;
				CLANG_WARN_INFINITE_RECURSION = YES;
				CLANG_WARN_INT_CONVERSION = YES;
				CLANG_WARN_NON_LITERAL_NULL_CONVERSION = YES;
				CLANG_WARN_OBJC_IMPLICIT_RETAIN_SELF = YES;
				CLANG_WARN_OBJC_LITERAL_CONVERSION = YES;
				CLANG_WARN_OBJC_ROOT_CLASS = YES_ERROR;
				CLANG_WARN_QUOTED_INCLUDE_IN_FRAMEWORK_HEADER = YES;
				CLANG_WARN_RANGE_LOOP_ANALYSIS = YES;
				CLANG_WARN_STRICT_PROTOTYPES = YES;
				CLANG_WARN_SUSPICIOUS_MOVE = YES;
				CLANG_WARN_UNGUARDED_AVAILABILITY = YES_AGGRESSIVE;
				CLANG_WARN_UNREACHABLE_CODE = YES;
				CLANG_WARN__DUPLICATE_METHOD_MATCH = YES;
				COPY_PHASE_STRIP = NO;
				DEBUG_INFORMATION_FORMAT = dwarf;
				ENABLE_STRICT_OBJC_MSGSEND = YES;
				ENABLE_TESTABILITY = YES;
				ENABLE_USER_SCRIPT_SANDBOXING = YES;
				GCC_C_LANGUAGE_STANDARD = gnu17;
				GCC_DYNAMIC_NO_PIC = NO;
				GCC_NO_COMMON_BLOCKS = YES;
				GCC_OPTIMIZATION_LEVEL = 0;
				GCC_PREPROCESSOR_DEFINITIONS = (
					"DEBUG=1",
					"$(inherited)",
				);
				GCC_WARN_64_TO_32_BIT_CONVERSION = YES;
				GCC_WARN_ABOUT_RETURN_TYPE = YES_ERROR;
				GCC_WARN_UNDECLARED_SELECTOR = YES;
				GCC_WARN_UNINITIALIZED_AUTOS = YES_AGGRESSIVE;
				GCC_WARN_UNUSED_FUNCTION = YES;
				GCC_WARN_UNUSED_VARIABLE = YES;
				IPHONEOS_DEPLOYMENT_TARGET = 17.5;
				LOCALIZATION_PREFERS_STRING_CATALOGS = YES;
				MTL_ENABLE_DEBUG_INFO = INCLUDE_SOURCE;
				MTL_FAST_MATH = YES;
				ONLY_ACTIVE_ARCH = YES;
				SDKROOT = iphoneos;
				SWIFT_ACTIVE_COMPILATION_CONDITIONS = "DEBUG $(inherited)";
				SWIFT_OPTIMIZATION_LEVEL = "-Onone";
			};
			name = Debug;
		};
		74D1E5AE2C70AED500063793 /* Release */ = {
			isa = XCBuildConfiguration;
			buildSettings = {
				ALWAYS_SEARCH_USER_PATHS = NO;
				ASSETCATALOG_COMPILER_GENERATE_SWIFT_ASSET_SYMBOL_EXTENSIONS = YES;
				CLANG_ANALYZER_NONNULL = YES;
				CLANG_ANALYZER_NUMBER_OBJECT_CONVERSION = YES_AGGRESSIVE;
				CLANG_CXX_LANGUAGE_STANDARD = "gnu++20";
				CLANG_ENABLE_MODULES = YES;
				CLANG_ENABLE_OBJC_ARC = YES;
				CLANG_ENABLE_OBJC_WEAK = YES;
				CLANG_WARN_BLOCK_CAPTURE_AUTORELEASING = YES;
				CLANG_WARN_BOOL_CONVERSION = YES;
				CLANG_WARN_COMMA = YES;
				CLANG_WARN_CONSTANT_CONVERSION = YES;
				CLANG_WARN_DEPRECATED_OBJC_IMPLEMENTATIONS = YES;
				CLANG_WARN_DIRECT_OBJC_ISA_USAGE = YES_ERROR;
				CLANG_WARN_DOCUMENTATION_COMMENTS = YES;
				CLANG_WARN_EMPTY_BODY = YES;
				CLANG_WARN_ENUM_CONVERSION = YES;
				CLANG_WARN_INFINITE_RECURSION = YES;
				CLANG_WARN_INT_CONVERSION = YES;
				CLANG_WARN_NON_LITERAL_NULL_CONVERSION = YES;
				CLANG_WARN_OBJC_IMPLICIT_RETAIN_SELF = YES;
				CLANG_WARN_OBJC_LITERAL_CONVERSION = YES;
				CLANG_WARN_OBJC_ROOT_CLASS = YES_ERROR;
				CLANG_WARN_QUOTED_INCLUDE_IN_FRAMEWORK_HEADER = YES;
				CLANG_WARN_RANGE_LOOP_ANALYSIS = YES;
				CLANG_WARN_STRICT_PROTOTYPES = YES;
				CLANG_WARN_SUSPICIOUS_MOVE = YES;
				CLANG_WARN_UNGUARDED_AVAILABILITY = YES_AGGRESSIVE;
				CLANG_WARN_UNREACHABLE_CODE = YES;
				CLANG_WARN__DUPLICATE_METHOD_MATCH = YES;
				COPY_PHASE_STRIP = NO;
				DEBUG_INFORMATION_FORMAT = "dwarf-with-dsym";
				ENABLE_NS_ASSERTIONS = NO;
				ENABLE_STRICT_OBJC_MSGSEND = YES;
				ENABLE_USER_SCRIPT_SANDBOXING = YES;
				GCC_C_LANGUAGE_STANDARD = gnu17;
				GCC_NO_COMMON_BLOCKS = YES;
				GCC_WARN_64_TO_32_BIT_CONVERSION = YES;
				GCC_WARN_ABOUT_RETURN_TYPE = YES_ERROR;
				GCC_WARN_UNDECLARED_SELECTOR = YES;
				GCC_WARN_UNINITIALIZED_AUTOS = YES_AGGRESSIVE;
				GCC_WARN_UNUSED_FUNCTION = YES;
				GCC_WARN_UNUSED_VARIABLE = YES;
				IPHONEOS_DEPLOYMENT_TARGET = 17.5;
				LOCALIZATION_PREFERS_STRING_CATALOGS = YES;
				MTL_ENABLE_DEBUG_INFO = NO;
				MTL_FAST_MATH = YES;
				SDKROOT = iphoneos;
				SWIFT_COMPILATION_MODE = wholemodule;
				VALIDATE_PRODUCT = YES;
			};
			name = Release;
		};
		74D1E5B02C70AED500063793 /* Debug */ = {
			isa = XCBuildConfiguration;
			buildSettings = {
				ASSETCATALOG_COMPILER_APPICON_NAME = AppIcon;
				ASSETCATALOG_COMPILER_GLOBAL_ACCENT_COLOR_NAME = AccentColor;
				CODE_SIGN_STYLE = Automatic;
				CURRENT_PROJECT_VERSION = 1;
				DEVELOPMENT_ASSET_PATHS = "\"ToDoListApp/Preview Content\"";
				ENABLE_PREVIEWS = YES;
				GENERATE_INFOPLIST_FILE = YES;
				INFOPLIST_KEY_CFBundleDisplayName = "To Do List";
				INFOPLIST_KEY_UIApplicationSceneManifest_Generation = YES;
				INFOPLIST_KEY_UIApplicationSupportsIndirectInputEvents = YES;
				INFOPLIST_KEY_UILaunchScreen_Generation = YES;
				INFOPLIST_KEY_UISupportedInterfaceOrientations = UIInterfaceOrientationPortrait;
				LD_RUNPATH_SEARCH_PATHS = (
					"$(inherited)",
					"@executable_path/Frameworks",
				);
				MARKETING_VERSION = 1.0;
				PRODUCT_BUNDLE_IDENTIFIER = com.rencheeraj.ToDoListApp;
				PRODUCT_NAME = "$(TARGET_NAME)";
				SWIFT_EMIT_LOC_STRINGS = YES;
				SWIFT_VERSION = 5.0;
				TARGETED_DEVICE_FAMILY = "1,2";
			};
			name = Debug;
		};
		74D1E5B12C70AED500063793 /* Release */ = {
			isa = XCBuildConfiguration;
			buildSettings = {
				ASSETCATALOG_COMPILER_APPICON_NAME = AppIcon;
				ASSETCATALOG_COMPILER_GLOBAL_ACCENT_COLOR_NAME = AccentColor;
				CODE_SIGN_STYLE = Automatic;
				CURRENT_PROJECT_VERSION = 1;
				DEVELOPMENT_ASSET_PATHS = "\"ToDoListApp/Preview Content\"";
				ENABLE_PREVIEWS = YES;
				GENERATE_INFOPLIST_FILE = YES;
				INFOPLIST_KEY_CFBundleDisplayName = "To Do List";
				INFOPLIST_KEY_UIApplicationSceneManifest_Generation = YES;
				INFOPLIST_KEY_UIApplicationSupportsIndirectInputEvents = YES;
				INFOPLIST_KEY_UILaunchScreen_Generation = YES;
				INFOPLIST_KEY_UISupportedInterfaceOrientations = UIInterfaceOrientationPortrait;
				LD_RUNPATH_SEARCH_PATHS = (
					"$(inherited)",
					"@executable_path/Frameworks",
				);
				MARKETING_VERSION = 1.0;
				PRODUCT_BUNDLE_IDENTIFIER = com.rencheeraj.ToDoListApp;
				PRODUCT_NAME = "$(TARGET_NAME)";
				SWIFT_EMIT_LOC_STRINGS = YES;
				SWIFT_VERSION = 5.0;
				TARGETED_DEVICE_FAMILY = "1,2";
			};
			name = Release;
		};
/* End XCBuildConfiguration section */

/* Begin XCConfigurationList section */
		74D1E59C2C70AED300063793 /* Build configuration list for PBXProject "ToDoListApp" */ = {
			isa = XCConfigurationList;
			buildConfigurations = (
				74D1E5AD2C70AED500063793 /* Debug */,
				74D1E5AE2C70AED500063793 /* Release */,
			);
			defaultConfigurationIsVisible = 0;
			defaultConfigurationName = Release;
		};
		74D1E5AF2C70AED500063793 /* Build configuration list for PBXNativeTarget "ToDoListApp" */ = {
			isa = XCConfigurationList;
			buildConfigurations = (
				74D1E5B02C70AED500063793 /* Debug */,
				74D1E5B12C70AED500063793 /* Release */,
			);
			defaultConfigurationIsVisible = 0;
			defaultConfigurationName = Release;
		};
/* End XCConfigurationList section */

/* Begin XCRemoteSwiftPackageReference section */
		74D1E5B22C70B22B00063793 /* XCRemoteSwiftPackageReference "firebase-ios-sdk" */ = {
			isa = XCRemoteSwiftPackageReference;
			repositoryURL = "https://github.com/firebase/firebase-ios-sdk";
			requirement = {
				kind = upToNextMajorVersion;
				minimumVersion = 11.0.0;
			};
		};
/* End XCRemoteSwiftPackageReference section */

/* Begin XCSwiftPackageProductDependency section */
		74D1E5B32C70B22B00063793 /* FirebaseAuth */ = {
			isa = XCSwiftPackageProductDependency;
			package = 74D1E5B22C70B22B00063793 /* XCRemoteSwiftPackageReference "firebase-ios-sdk" */;
			productName = FirebaseAuth;
		};
		74D1E5B52C70B22B00063793 /* FirebaseFirestore */ = {
			isa = XCSwiftPackageProductDependency;
			package = 74D1E5B22C70B22B00063793 /* XCRemoteSwiftPackageReference "firebase-ios-sdk" */;
			productName = FirebaseFirestore;
		};
/* End XCSwiftPackageProductDependency section */
	};
	rootObject = 74D1E5992C70AED300063793 /* Project object */;
}
